{
  "name": "malloy",
  "lockfileVersion": 2,
  "requires": true,
  "packages": {
    "": {
      "dependencies": {
        "malloy-cli": "^0.0.35"
      }
    },
    "node_modules/malloy-cli": {
      "version": "0.0.35",
      "resolved": "https://registry.npmjs.org/malloy-cli/-/malloy-cli-0.0.35.tgz",
      "integrity": "sha512-mnxHc/jgdYWOz7VUCvwd0I9/sy6FTKlcppeXUinulj73mMrOqo3M0YblnhMxPY5RvfhMBryQD6KrKPwY1Mrz9g==",
      "hasInstallScript": true,
      "bin": {
        "malloy-cli": "dist/index.js"
      },
      "engines": {
        "node": ">=10"
      }
    }
  },
  "dependencies": {
    "malloy-cli": {
      "version": "0.0.35",
      "resolved": "https://registry.npmjs.org/malloy-cli/-/malloy-cli-0.0.35.tgz",
      "integrity": "sha512-mnxHc/jgdYWOz7VUCvwd0I9/sy6FTKlcppeXUinulj73mMrOqo3M0YblnhMxPY5RvfhMBryQD6KrKPwY1Mrz9g=="
    }
  }
}
